// !$*UTF8*$!
{
	archiveVersion = 1;
	classes = {
	};
	objectVersion = 56;
	objects = {

/* Begin PBXBuildFile section */
		8D0454D72C35BB9E00D455F0 /* EmojiCollectionViewCell.swift in Sources */ = {isa = PBXBuildFile; fileRef = 8D0454D62C35BB9E00D455F0 /* EmojiCollectionViewCell.swift */; };
		8D2EC4892C35697C0030C199 /* Stub.swift in Sources */ = {isa = PBXBuildFile; fileRef = 8D2EC4882C35697C0030C199 /* Stub.swift */; };
		8D37BC8F2C2B0BD400B2E66F /* ScheduleViewController.swift in Sources */ = {isa = PBXBuildFile; fileRef = 8D37BC8E2C2B0BD400B2E66F /* ScheduleViewController.swift */; };
		8D45F2282C24A71D00A29D0B /* CreateTrackerViewController.swift in Sources */ = {isa = PBXBuildFile; fileRef = 8D45F2272C24A71D00A29D0B /* CreateTrackerViewController.swift */; };
		8D4BC66C2C3D3C500059C171 /* TrackerStore.swift in Sources */ = {isa = PBXBuildFile; fileRef = 8D4BC66B2C3D3C500059C171 /* TrackerStore.swift */; };
		8D4BC66E2C3D3C6C0059C171 /* TrackerCategoryStore.swift in Sources */ = {isa = PBXBuildFile; fileRef = 8D4BC66D2C3D3C6C0059C171 /* TrackerCategoryStore.swift */; };
		8D4BC6702C3D3C970059C171 /* TrackerRecordStore.swift in Sources */ = {isa = PBXBuildFile; fileRef = 8D4BC66F2C3D3C970059C171 /* TrackerRecordStore.swift */; };
		8D592D4A2C28669300F2C5FB /* TrackersCollectionViewCell.swift in Sources */ = {isa = PBXBuildFile; fileRef = 8D592D492C28669300F2C5FB /* TrackersCollectionViewCell.swift */; };
		8D592D4C2C2879B600F2C5FB /* TrackersSupplementaryView.swift in Sources */ = {isa = PBXBuildFile; fileRef = 8D592D4B2C2879B600F2C5FB /* TrackersSupplementaryView.swift */; };
		8D68D45D2C1C657E00A01290 /* Tracker.swift in Sources */ = {isa = PBXBuildFile; fileRef = 8D68D45C2C1C657E00A01290 /* Tracker.swift */; };
		8D68D45F2C1C6A7C00A01290 /* Schedule.swift in Sources */ = {isa = PBXBuildFile; fileRef = 8D68D45E2C1C6A7C00A01290 /* Schedule.swift */; };
		8D68D4612C1C722F00A01290 /* TrackerCategory.swift in Sources */ = {isa = PBXBuildFile; fileRef = 8D68D4602C1C722F00A01290 /* TrackerCategory.swift */; };
		8D68D4632C1C731400A01290 /* TrackerRecord.swift in Sources */ = {isa = PBXBuildFile; fileRef = 8D68D4622C1C731400A01290 /* TrackerRecord.swift */; };
		8D75DBA82C56DD04007AA70B /* OnboardingPageViewController.swift in Sources */ = {isa = PBXBuildFile; fileRef = 8D75DBA72C56DD04007AA70B /* OnboardingPageViewController.swift */; };
		8D75DBAA2C56EA2E007AA70B /* OnboardingViewController.swift in Sources */ = {isa = PBXBuildFile; fileRef = 8D75DBA92C56EA2E007AA70B /* OnboardingViewController.swift */; };
		8D7BD5142C1393F1007DC35C /* AppDelegate.swift in Sources */ = {isa = PBXBuildFile; fileRef = 8D7BD5132C1393F1007DC35C /* AppDelegate.swift */; };
		8D7BD5182C1393F1007DC35C /* TrackersViewController.swift in Sources */ = {isa = PBXBuildFile; fileRef = 8D7BD5172C1393F1007DC35C /* TrackersViewController.swift */; };
		8D7BD51D2C1393F3007DC35C /* Assets.xcassets in Resources */ = {isa = PBXBuildFile; fileRef = 8D7BD51C2C1393F3007DC35C /* Assets.xcassets */; };
		8D7BD5202C1393F3007DC35C /* LaunchScreen.storyboard in Resources */ = {isa = PBXBuildFile; fileRef = 8D7BD51E2C1393F3007DC35C /* LaunchScreen.storyboard */; };
		8D952DAC2C63E14D00DD90E0 /* Localizable.swift in Sources */ = {isa = PBXBuildFile; fileRef = 8D952DAB2C63E14D00DD90E0 /* Localizable.swift */; };
		8D970F382C2F1ED00052BC64 /* NewCategoryViewController.swift in Sources */ = {isa = PBXBuildFile; fileRef = 8D970F372C2F1ED00052BC64 /* NewCategoryViewController.swift */; };
		8DA1369C2C5A9F7000965FD1 /* CategoriesViewModel.swift in Sources */ = {isa = PBXBuildFile; fileRef = 8DA1369B2C5A9F7000965FD1 /* CategoriesViewModel.swift */; };
		8DA1369E2C5AA29700965FD1 /* CategoriesCustomTableViewCell.swift in Sources */ = {isa = PBXBuildFile; fileRef = 8DA1369D2C5AA29700965FD1 /* CategoriesCustomTableViewCell.swift */; };
		8DA28D1F2C3A9BC000C0720D /* Tracker.xcdatamodeld in Sources */ = {isa = PBXBuildFile; fileRef = 8DA28D1D2C3A9BC000C0720D /* Tracker.xcdatamodeld */; };
		8DA30F992C650FDC009FEFDE /* Localizable.stringsdict in Resources */ = {isa = PBXBuildFile; fileRef = 8DA30F972C650FDC009FEFDE /* Localizable.stringsdict */; };
		8DA39F2A2C2EC39800B58473 /* CategoriesViewController.swift in Sources */ = {isa = PBXBuildFile; fileRef = 8DA39F292C2EC39800B58473 /* CategoriesViewController.swift */; };
		8DC122FD2C62ABE0005A8880 /* Localizable.strings in Resources */ = {isa = PBXBuildFile; fileRef = 8DC122FB2C62ABE0005A8880 /* Localizable.strings */; };
		8DC387102C2732D800B9136E /* NewHabitViewController.swift in Sources */ = {isa = PBXBuildFile; fileRef = 8DC3870F2C2732D800B9136E /* NewHabitViewController.swift */; };
		8DC387122C2735AA00B9136E /* NewIrregularEventViewController.swift in Sources */ = {isa = PBXBuildFile; fileRef = 8DC387112C2735AA00B9136E /* NewIrregularEventViewController.swift */; };
		8DE147122C36AA5B00F271F3 /* SupplementaryView.swift in Sources */ = {isa = PBXBuildFile; fileRef = 8DE147112C36AA5B00F271F3 /* SupplementaryView.swift */; };
		8DE147162C36F27E00F271F3 /* ColorsCollectionViewCell.swift in Sources */ = {isa = PBXBuildFile; fileRef = 8DE147152C36F27E00F271F3 /* ColorsCollectionViewCell.swift */; };
/* End PBXBuildFile section */

/* Begin PBXFileReference section */
		8D0454D62C35BB9E00D455F0 /* EmojiCollectionViewCell.swift */ = {isa = PBXFileReference; lastKnownFileType = sourcecode.swift; path = EmojiCollectionViewCell.swift; sourceTree = "<group>"; };
		8D2EC4882C35697C0030C199 /* Stub.swift */ = {isa = PBXFileReference; lastKnownFileType = sourcecode.swift; path = Stub.swift; sourceTree = "<group>"; };
		8D37BC8E2C2B0BD400B2E66F /* ScheduleViewController.swift */ = {isa = PBXFileReference; lastKnownFileType = sourcecode.swift; path = ScheduleViewController.swift; sourceTree = "<group>"; };
		8D45F2272C24A71D00A29D0B /* CreateTrackerViewController.swift */ = {isa = PBXFileReference; lastKnownFileType = sourcecode.swift; path = CreateTrackerViewController.swift; sourceTree = "<group>"; };
		8D4BC66B2C3D3C500059C171 /* TrackerStore.swift */ = {isa = PBXFileReference; lastKnownFileType = sourcecode.swift; path = TrackerStore.swift; sourceTree = "<group>"; };
		8D4BC66D2C3D3C6C0059C171 /* TrackerCategoryStore.swift */ = {isa = PBXFileReference; lastKnownFileType = sourcecode.swift; path = TrackerCategoryStore.swift; sourceTree = "<group>"; };
		8D4BC66F2C3D3C970059C171 /* TrackerRecordStore.swift */ = {isa = PBXFileReference; lastKnownFileType = sourcecode.swift; path = TrackerRecordStore.swift; sourceTree = "<group>"; };
		8D592D492C28669300F2C5FB /* TrackersCollectionViewCell.swift */ = {isa = PBXFileReference; lastKnownFileType = sourcecode.swift; path = TrackersCollectionViewCell.swift; sourceTree = "<group>"; };
		8D592D4B2C2879B600F2C5FB /* TrackersSupplementaryView.swift */ = {isa = PBXFileReference; lastKnownFileType = sourcecode.swift; path = TrackersSupplementaryView.swift; sourceTree = "<group>"; };
		8D68D45C2C1C657E00A01290 /* Tracker.swift */ = {isa = PBXFileReference; lastKnownFileType = sourcecode.swift; path = Tracker.swift; sourceTree = "<group>"; };
		8D68D45E2C1C6A7C00A01290 /* Schedule.swift */ = {isa = PBXFileReference; lastKnownFileType = sourcecode.swift; path = Schedule.swift; sourceTree = "<group>"; };
		8D68D4602C1C722F00A01290 /* TrackerCategory.swift */ = {isa = PBXFileReference; lastKnownFileType = sourcecode.swift; path = TrackerCategory.swift; sourceTree = "<group>"; };
		8D68D4622C1C731400A01290 /* TrackerRecord.swift */ = {isa = PBXFileReference; lastKnownFileType = sourcecode.swift; path = TrackerRecord.swift; sourceTree = "<group>"; };
		8D75DBA72C56DD04007AA70B /* OnboardingPageViewController.swift */ = {isa = PBXFileReference; lastKnownFileType = sourcecode.swift; path = OnboardingPageViewController.swift; sourceTree = "<group>"; };
		8D75DBA92C56EA2E007AA70B /* OnboardingViewController.swift */ = {isa = PBXFileReference; lastKnownFileType = sourcecode.swift; path = OnboardingViewController.swift; sourceTree = "<group>"; };
		8D7BD5102C1393F1007DC35C /* Tracker.app */ = {isa = PBXFileReference; explicitFileType = wrapper.application; includeInIndex = 0; path = Tracker.app; sourceTree = BUILT_PRODUCTS_DIR; };
		8D7BD5132C1393F1007DC35C /* AppDelegate.swift */ = {isa = PBXFileReference; lastKnownFileType = sourcecode.swift; path = AppDelegate.swift; sourceTree = "<group>"; };
		8D7BD5172C1393F1007DC35C /* TrackersViewController.swift */ = {isa = PBXFileReference; lastKnownFileType = sourcecode.swift; path = TrackersViewController.swift; sourceTree = "<group>"; };
		8D7BD51C2C1393F3007DC35C /* Assets.xcassets */ = {isa = PBXFileReference; lastKnownFileType = folder.assetcatalog; path = Assets.xcassets; sourceTree = "<group>"; };
		8D7BD51F2C1393F3007DC35C /* Base */ = {isa = PBXFileReference; lastKnownFileType = file.storyboard; name = Base; path = Base.lproj/LaunchScreen.storyboard; sourceTree = "<group>"; };
		8D7BD5212C1393F3007DC35C /* Info.plist */ = {isa = PBXFileReference; lastKnownFileType = text.plist.xml; path = Info.plist; sourceTree = "<group>"; };
		8D952DAB2C63E14D00DD90E0 /* Localizable.swift */ = {isa = PBXFileReference; lastKnownFileType = sourcecode.swift; path = Localizable.swift; sourceTree = "<group>"; };
		8D970F372C2F1ED00052BC64 /* NewCategoryViewController.swift */ = {isa = PBXFileReference; lastKnownFileType = sourcecode.swift; path = NewCategoryViewController.swift; sourceTree = "<group>"; };
		8DA1369B2C5A9F7000965FD1 /* CategoriesViewModel.swift */ = {isa = PBXFileReference; lastKnownFileType = sourcecode.swift; path = CategoriesViewModel.swift; sourceTree = "<group>"; };
		8DA1369D2C5AA29700965FD1 /* CategoriesCustomTableViewCell.swift */ = {isa = PBXFileReference; lastKnownFileType = sourcecode.swift; path = CategoriesCustomTableViewCell.swift; sourceTree = "<group>"; };
		8DA28D1E2C3A9BC000C0720D /* Tracker.xcdatamodel */ = {isa = PBXFileReference; lastKnownFileType = wrapper.xcdatamodel; path = Tracker.xcdatamodel; sourceTree = "<group>"; };
		8DA30F982C650FDC009FEFDE /* en */ = {isa = PBXFileReference; lastKnownFileType = text.plist.stringsdict; name = en; path = en.lproj/Localizable.stringsdict; sourceTree = "<group>"; };
		8DA30F9A2C65124B009FEFDE /* ar */ = {isa = PBXFileReference; lastKnownFileType = text.plist.stringsdict; name = ar; path = ar.lproj/Localizable.stringsdict; sourceTree = "<group>"; };
		8DA30F9B2C65124F009FEFDE /* de */ = {isa = PBXFileReference; lastKnownFileType = text.plist.stringsdict; name = de; path = de.lproj/Localizable.stringsdict; sourceTree = "<group>"; };
		8DA30F9C2C651250009FEFDE /* ru */ = {isa = PBXFileReference; lastKnownFileType = text.plist.stringsdict; name = ru; path = ru.lproj/Localizable.stringsdict; sourceTree = "<group>"; };
		8DA39F292C2EC39800B58473 /* CategoriesViewController.swift */ = {isa = PBXFileReference; lastKnownFileType = sourcecode.swift; path = CategoriesViewController.swift; sourceTree = "<group>"; };
		8DC122FC2C62ABE0005A8880 /* en */ = {isa = PBXFileReference; lastKnownFileType = text.plist.strings; name = en; path = en.lproj/Localizable.strings; sourceTree = "<group>"; };
		8DC123002C62AC6D005A8880 /* ru */ = {isa = PBXFileReference; lastKnownFileType = text.plist.strings; name = ru; path = ru.lproj/Localizable.strings; sourceTree = "<group>"; };
		8DC123012C62AC84005A8880 /* de */ = {isa = PBXFileReference; lastKnownFileType = text.plist.strings; name = de; path = de.lproj/Localizable.strings; sourceTree = "<group>"; };
		8DC123022C62AC8C005A8880 /* ar */ = {isa = PBXFileReference; lastKnownFileType = text.plist.strings; name = ar; path = ar.lproj/Localizable.strings; sourceTree = "<group>"; };
		8DC3870F2C2732D800B9136E /* NewHabitViewController.swift */ = {isa = PBXFileReference; lastKnownFileType = sourcecode.swift; path = NewHabitViewController.swift; sourceTree = "<group>"; };
		8DC387112C2735AA00B9136E /* NewIrregularEventViewController.swift */ = {isa = PBXFileReference; lastKnownFileType = sourcecode.swift; path = NewIrregularEventViewController.swift; sourceTree = "<group>"; };
		8DE147112C36AA5B00F271F3 /* SupplementaryView.swift */ = {isa = PBXFileReference; lastKnownFileType = sourcecode.swift; path = SupplementaryView.swift; sourceTree = "<group>"; };
		8DE147152C36F27E00F271F3 /* ColorsCollectionViewCell.swift */ = {isa = PBXFileReference; fileEncoding = 4; lastKnownFileType = sourcecode.swift; path = ColorsCollectionViewCell.swift; sourceTree = "<group>"; };
/* End PBXFileReference section */

/* Begin PBXFrameworksBuildPhase section */
		8D7BD50D2C1393F1007DC35C /* Frameworks */ = {
			isa = PBXFrameworksBuildPhase;
			buildActionMask = 2147483647;
			files = (
			);
			runOnlyForDeploymentPostprocessing = 0;
		};
/* End PBXFrameworksBuildPhase section */

/* Begin PBXGroup section */
		8D4BC66A2C3D3C070059C171 /* CoreData */ = {
			isa = PBXGroup;
			children = (
				8D4BC66B2C3D3C500059C171 /* TrackerStore.swift */,
				8D4BC66D2C3D3C6C0059C171 /* TrackerCategoryStore.swift */,
				8D4BC66F2C3D3C970059C171 /* TrackerRecordStore.swift */,
				8DA28D1D2C3A9BC000C0720D /* Tracker.xcdatamodeld */,
			);
			path = CoreData;
			sourceTree = "<group>";
		};
		8D68D45B2C1C64FF00A01290 /* Models */ = {
			isa = PBXGroup;
			children = (
				8D68D45C2C1C657E00A01290 /* Tracker.swift */,
				8D68D4602C1C722F00A01290 /* TrackerCategory.swift */,
				8D68D4622C1C731400A01290 /* TrackerRecord.swift */,
				8D68D45E2C1C6A7C00A01290 /* Schedule.swift */,
				8D2EC4882C35697C0030C199 /* Stub.swift */,
			);
			path = Models;
			sourceTree = "<group>";
		};
		8D75DBA62C56DB69007AA70B /* Onboarding */ = {
			isa = PBXGroup;
			children = (
				8D75DBA72C56DD04007AA70B /* OnboardingPageViewController.swift */,
				8D75DBA92C56EA2E007AA70B /* OnboardingViewController.swift */,
			);
			path = Onboarding;
			sourceTree = "<group>";
		};
		8D7BD5072C1393F1007DC35C = {
			isa = PBXGroup;
			children = (
				8D7BD5122C1393F1007DC35C /* Tracker */,
				8D7BD5112C1393F1007DC35C /* Products */,
			);
			sourceTree = "<group>";
		};
		8D7BD5112C1393F1007DC35C /* Products */ = {
			isa = PBXGroup;
			children = (
				8D7BD5102C1393F1007DC35C /* Tracker.app */,
			);
			name = Products;
			sourceTree = "<group>";
		};
		8D7BD5122C1393F1007DC35C /* Tracker */ = {
			isa = PBXGroup;
			children = (
				8D7BD5132C1393F1007DC35C /* AppDelegate.swift */,
				8DAA53C42C2E138200817FF4 /* TrackersList */,
				8DAA53C52C2E13B800817FF4 /* CreateTracker */,
				8D75DBA62C56DB69007AA70B /* Onboarding */,
				8DA1369A2C5A9F1300965FD1 /* ViewModel */,
				8D68D45B2C1C64FF00A01290 /* Models */,
				8D952DAA2C63E10A00DD90E0 /* Utilities */,
				8D4BC66A2C3D3C070059C171 /* CoreData */,
				8DC122F42C62A74C005A8880 /* Resource */,
			);
			path = Tracker;
			sourceTree = "<group>";
		};
		8D952DAA2C63E10A00DD90E0 /* Utilities */ = {
			isa = PBXGroup;
			children = (
				8D952DAB2C63E14D00DD90E0 /* Localizable.swift */,
			);
			path = Utilities;
			sourceTree = "<group>";
		};
		8DA1369A2C5A9F1300965FD1 /* ViewModel */ = {
			isa = PBXGroup;
			children = (
				8DA1369B2C5A9F7000965FD1 /* CategoriesViewModel.swift */,
			);
			path = ViewModel;
			sourceTree = "<group>";
		};
		8DAA53C42C2E138200817FF4 /* TrackersList */ = {
			isa = PBXGroup;
			children = (
				8D7BD5172C1393F1007DC35C /* TrackersViewController.swift */,
				8D592D492C28669300F2C5FB /* TrackersCollectionViewCell.swift */,
				8D592D4B2C2879B600F2C5FB /* TrackersSupplementaryView.swift */,
			);
			path = TrackersList;
			sourceTree = "<group>";
		};
		8DAA53C52C2E13B800817FF4 /* CreateTracker */ = {
			isa = PBXGroup;
			children = (
				8D45F2272C24A71D00A29D0B /* CreateTrackerViewController.swift */,
				8DC3870F2C2732D800B9136E /* NewHabitViewController.swift */,
				8DC387112C2735AA00B9136E /* NewIrregularEventViewController.swift */,
				8D37BC8E2C2B0BD400B2E66F /* ScheduleViewController.swift */,
				8DA39F292C2EC39800B58473 /* CategoriesViewController.swift */,
				8DA1369D2C5AA29700965FD1 /* CategoriesCustomTableViewCell.swift */,
				8D970F372C2F1ED00052BC64 /* NewCategoryViewController.swift */,
				8D0454D62C35BB9E00D455F0 /* EmojiCollectionViewCell.swift */,
				8DE147152C36F27E00F271F3 /* ColorsCollectionViewCell.swift */,
				8DE147112C36AA5B00F271F3 /* SupplementaryView.swift */,
			);
			path = CreateTracker;
			sourceTree = "<group>";
		};
		8DC122F42C62A74C005A8880 /* Resource */ = {
			isa = PBXGroup;
			children = (
				8D7BD51C2C1393F3007DC35C /* Assets.xcassets */,
				8D7BD51E2C1393F3007DC35C /* LaunchScreen.storyboard */,
				8DC122FB2C62ABE0005A8880 /* Localizable.strings */,
				8DA30F972C650FDC009FEFDE /* Localizable.stringsdict */,
				8D7BD5212C1393F3007DC35C /* Info.plist */,
			);
			path = Resource;
			sourceTree = "<group>";
		};
/* End PBXGroup section */

/* Begin PBXNativeTarget section */
		8D7BD50F2C1393F1007DC35C /* Tracker */ = {
			isa = PBXNativeTarget;
			buildConfigurationList = 8D7BD5242C1393F3007DC35C /* Build configuration list for PBXNativeTarget "Tracker" */;
			buildPhases = (
				8D7BD50C2C1393F1007DC35C /* Sources */,
				8D7BD50D2C1393F1007DC35C /* Frameworks */,
				8D7BD50E2C1393F1007DC35C /* Resources */,
			);
			buildRules = (
			);
			dependencies = (
			);
			name = Tracker;
			productName = Tracker;
			productReference = 8D7BD5102C1393F1007DC35C /* Tracker.app */;
			productType = "com.apple.product-type.application";
		};
/* End PBXNativeTarget section */

/* Begin PBXProject section */
		8D7BD5082C1393F1007DC35C /* Project object */ = {
			isa = PBXProject;
			attributes = {
				BuildIndependentTargetsInParallel = 1;
				LastSwiftUpdateCheck = 1430;
				LastUpgradeCheck = 1540;
				TargetAttributes = {
					8D7BD50F2C1393F1007DC35C = {
						CreatedOnToolsVersion = 14.3.1;
					};
				};
			};
			buildConfigurationList = 8D7BD50B2C1393F1007DC35C /* Build configuration list for PBXProject "Tracker" */;
			compatibilityVersion = "Xcode 14.0";
			developmentRegion = en;
			hasScannedForEncodings = 0;
			knownRegions = (
				en,
				Base,
				ru,
				de,
				ar,
			);
			mainGroup = 8D7BD5072C1393F1007DC35C;
			productRefGroup = 8D7BD5112C1393F1007DC35C /* Products */;
			projectDirPath = "";
			projectRoot = "";
			targets = (
				8D7BD50F2C1393F1007DC35C /* Tracker */,
			);
		};
/* End PBXProject section */

/* Begin PBXResourcesBuildPhase section */
		8D7BD50E2C1393F1007DC35C /* Resources */ = {
			isa = PBXResourcesBuildPhase;
			buildActionMask = 2147483647;
			files = (
				8D7BD5202C1393F3007DC35C /* LaunchScreen.storyboard in Resources */,
				8DA30F992C650FDC009FEFDE /* Localizable.stringsdict in Resources */,
				8DC122FD2C62ABE0005A8880 /* Localizable.strings in Resources */,
				8D7BD51D2C1393F3007DC35C /* Assets.xcassets in Resources */,
			);
			runOnlyForDeploymentPostprocessing = 0;
		};
/* End PBXResourcesBuildPhase section */

/* Begin PBXSourcesBuildPhase section */
		8D7BD50C2C1393F1007DC35C /* Sources */ = {
			isa = PBXSourcesBuildPhase;
			buildActionMask = 2147483647;
			files = (
				8DE147122C36AA5B00F271F3 /* SupplementaryView.swift in Sources */,
				8DC387102C2732D800B9136E /* NewHabitViewController.swift in Sources */,
				8DA1369C2C5A9F7000965FD1 /* CategoriesViewModel.swift in Sources */,
				8D2EC4892C35697C0030C199 /* Stub.swift in Sources */,
				8D4BC6702C3D3C970059C171 /* TrackerRecordStore.swift in Sources */,
				8DC387122C2735AA00B9136E /* NewIrregularEventViewController.swift in Sources */,
				8D0454D72C35BB9E00D455F0 /* EmojiCollectionViewCell.swift in Sources */,
				8D952DAC2C63E14D00DD90E0 /* Localizable.swift in Sources */,
				8D68D4612C1C722F00A01290 /* TrackerCategory.swift in Sources */,
				8D37BC8F2C2B0BD400B2E66F /* ScheduleViewController.swift in Sources */,
				8D68D45D2C1C657E00A01290 /* Tracker.swift in Sources */,
				8D7BD5182C1393F1007DC35C /* TrackersViewController.swift in Sources */,
				8D68D4632C1C731400A01290 /* TrackerRecord.swift in Sources */,
				8D592D4C2C2879B600F2C5FB /* TrackersSupplementaryView.swift in Sources */,
				8D7BD5142C1393F1007DC35C /* AppDelegate.swift in Sources */,
				8DA1369E2C5AA29700965FD1 /* CategoriesCustomTableViewCell.swift in Sources */,
				8D68D45F2C1C6A7C00A01290 /* Schedule.swift in Sources */,
				8D4BC66E2C3D3C6C0059C171 /* TrackerCategoryStore.swift in Sources */,
				8D4BC66C2C3D3C500059C171 /* TrackerStore.swift in Sources */,
				8DA39F2A2C2EC39800B58473 /* CategoriesViewController.swift in Sources */,
				8D970F382C2F1ED00052BC64 /* NewCategoryViewController.swift in Sources */,
				8D592D4A2C28669300F2C5FB /* TrackersCollectionViewCell.swift in Sources */,
				8D75DBAA2C56EA2E007AA70B /* OnboardingViewController.swift in Sources */,
				8D75DBA82C56DD04007AA70B /* OnboardingPageViewController.swift in Sources */,
				8DA28D1F2C3A9BC000C0720D /* Tracker.xcdatamodeld in Sources */,
				8DE147162C36F27E00F271F3 /* ColorsCollectionViewCell.swift in Sources */,
				8D45F2282C24A71D00A29D0B /* CreateTrackerViewController.swift in Sources */,
			);
			runOnlyForDeploymentPostprocessing = 0;
		};
/* End PBXSourcesBuildPhase section */

/* Begin PBXVariantGroup section */
		8D7BD51E2C1393F3007DC35C /* LaunchScreen.storyboard */ = {
			isa = PBXVariantGroup;
			children = (
				8D7BD51F2C1393F3007DC35C /* Base */,
			);
			name = LaunchScreen.storyboard;
			sourceTree = "<group>";
		};
		8DA30F972C650FDC009FEFDE /* Localizable.stringsdict */ = {
			isa = PBXVariantGroup;
			children = (
				8DA30F982C650FDC009FEFDE /* en */,
				8DA30F9A2C65124B009FEFDE /* ar */,
				8DA30F9B2C65124F009FEFDE /* de */,
				8DA30F9C2C651250009FEFDE /* ru */,
			);
			name = Localizable.stringsdict;
			sourceTree = "<group>";
		};
		8DC122FB2C62ABE0005A8880 /* Localizable.strings */ = {
			isa = PBXVariantGroup;
			children = (
				8DC122FC2C62ABE0005A8880 /* en */,
				8DC123002C62AC6D005A8880 /* ru */,
				8DC123012C62AC84005A8880 /* de */,
				8DC123022C62AC8C005A8880 /* ar */,
			);
			name = Localizable.strings;
			sourceTree = "<group>";
		};
/* End PBXVariantGroup section */

/* Begin XCBuildConfiguration section */
		8D7BD5222C1393F3007DC35C /* Debug */ = {
			isa = XCBuildConfiguration;
			buildSettings = {
				ALWAYS_SEARCH_USER_PATHS = NO;
				CLANG_ANALYZER_LOCALIZABILITY_NONLOCALIZED = YES;
				CLANG_ANALYZER_NONNULL = YES;
				CLANG_ANALYZER_NUMBER_OBJECT_CONVERSION = YES_AGGRESSIVE;
				CLANG_CXX_LANGUAGE_STANDARD = "gnu++20";
				CLANG_ENABLE_MODULES = YES;
				CLANG_ENABLE_OBJC_ARC = YES;
				CLANG_ENABLE_OBJC_WEAK = YES;
				CLANG_WARN_BLOCK_CAPTURE_AUTORELEASING = YES;
				CLANG_WARN_BOOL_CONVERSION = YES;
				CLANG_WARN_COMMA = YES;
				CLANG_WARN_CONSTANT_CONVERSION = YES;
				CLANG_WARN_DEPRECATED_OBJC_IMPLEMENTATIONS = YES;
				CLANG_WARN_DIRECT_OBJC_ISA_USAGE = YES_ERROR;
				CLANG_WARN_DOCUMENTATION_COMMENTS = YES;
				CLANG_WARN_EMPTY_BODY = YES;
				CLANG_WARN_ENUM_CONVERSION = YES;
				CLANG_WARN_INFINITE_RECURSION = YES;
				CLANG_WARN_INT_CONVERSION = YES;
				CLANG_WARN_NON_LITERAL_NULL_CONVERSION = YES;
				CLANG_WARN_OBJC_IMPLICIT_RETAIN_SELF = YES;
				CLANG_WARN_OBJC_LITERAL_CONVERSION = YES;
				CLANG_WARN_OBJC_ROOT_CLASS = YES_ERROR;
				CLANG_WARN_QUOTED_INCLUDE_IN_FRAMEWORK_HEADER = YES;
				CLANG_WARN_RANGE_LOOP_ANALYSIS = YES;
				CLANG_WARN_STRICT_PROTOTYPES = YES;
				CLANG_WARN_SUSPICIOUS_MOVE = YES;
				CLANG_WARN_UNGUARDED_AVAILABILITY = YES_AGGRESSIVE;
				CLANG_WARN_UNREACHABLE_CODE = YES;
				CLANG_WARN__DUPLICATE_METHOD_MATCH = YES;
				COPY_PHASE_STRIP = NO;
				DEBUG_INFORMATION_FORMAT = dwarf;
				ENABLE_STRICT_OBJC_MSGSEND = YES;
				ENABLE_TESTABILITY = YES;
				ENABLE_USER_SCRIPT_SANDBOXING = YES;
				GCC_C_LANGUAGE_STANDARD = gnu11;
				GCC_DYNAMIC_NO_PIC = NO;
				GCC_NO_COMMON_BLOCKS = YES;
				GCC_OPTIMIZATION_LEVEL = 0;
				GCC_PREPROCESSOR_DEFINITIONS = (
					"DEBUG=1",
					"$(inherited)",
				);
				GCC_WARN_64_TO_32_BIT_CONVERSION = YES;
				GCC_WARN_ABOUT_RETURN_TYPE = YES_ERROR;
				GCC_WARN_UNDECLARED_SELECTOR = YES;
				GCC_WARN_UNINITIALIZED_AUTOS = YES_AGGRESSIVE;
				GCC_WARN_UNUSED_FUNCTION = YES;
				GCC_WARN_UNUSED_VARIABLE = YES;
				IPHONEOS_DEPLOYMENT_TARGET = 16.4;
				MTL_ENABLE_DEBUG_INFO = INCLUDE_SOURCE;
				MTL_FAST_MATH = YES;
				ONLY_ACTIVE_ARCH = YES;
				SDKROOT = iphoneos;
				SWIFT_ACTIVE_COMPILATION_CONDITIONS = DEBUG;
				SWIFT_OPTIMIZATION_LEVEL = "-Onone";
			};
			name = Debug;
		};
		8D7BD5232C1393F3007DC35C /* Release */ = {
			isa = XCBuildConfiguration;
			buildSettings = {
				ALWAYS_SEARCH_USER_PATHS = NO;
				CLANG_ANALYZER_LOCALIZABILITY_NONLOCALIZED = YES;
				CLANG_ANALYZER_NONNULL = YES;
				CLANG_ANALYZER_NUMBER_OBJECT_CONVERSION = YES_AGGRESSIVE;
				CLANG_CXX_LANGUAGE_STANDARD = "gnu++20";
				CLANG_ENABLE_MODULES = YES;
				CLANG_ENABLE_OBJC_ARC = YES;
				CLANG_ENABLE_OBJC_WEAK = YES;
				CLANG_WARN_BLOCK_CAPTURE_AUTORELEASING = YES;
				CLANG_WARN_BOOL_CONVERSION = YES;
				CLANG_WARN_COMMA = YES;
				CLANG_WARN_CONSTANT_CONVERSION = YES;
				CLANG_WARN_DEPRECATED_OBJC_IMPLEMENTATIONS = YES;
				CLANG_WARN_DIRECT_OBJC_ISA_USAGE = YES_ERROR;
				CLANG_WARN_DOCUMENTATION_COMMENTS = YES;
				CLANG_WARN_EMPTY_BODY = YES;
				CLANG_WARN_ENUM_CONVERSION = YES;
				CLANG_WARN_INFINITE_RECURSION = YES;
				CLANG_WARN_INT_CONVERSION = YES;
				CLANG_WARN_NON_LITERAL_NULL_CONVERSION = YES;
				CLANG_WARN_OBJC_IMPLICIT_RETAIN_SELF = YES;
				CLANG_WARN_OBJC_LITERAL_CONVERSION = YES;
				CLANG_WARN_OBJC_ROOT_CLASS = YES_ERROR;
				CLANG_WARN_QUOTED_INCLUDE_IN_FRAMEWORK_HEADER = YES;
				CLANG_WARN_RANGE_LOOP_ANALYSIS = YES;
				CLANG_WARN_STRICT_PROTOTYPES = YES;
				CLANG_WARN_SUSPICIOUS_MOVE = YES;
				CLANG_WARN_UNGUARDED_AVAILABILITY = YES_AGGRESSIVE;
				CLANG_WARN_UNREACHABLE_CODE = YES;
				CLANG_WARN__DUPLICATE_METHOD_MATCH = YES;
				COPY_PHASE_STRIP = NO;
				DEBUG_INFORMATION_FORMAT = "dwarf-with-dsym";
				ENABLE_NS_ASSERTIONS = NO;
				ENABLE_STRICT_OBJC_MSGSEND = YES;
				ENABLE_USER_SCRIPT_SANDBOXING = YES;
				GCC_C_LANGUAGE_STANDARD = gnu11;
				GCC_NO_COMMON_BLOCKS = YES;
				GCC_WARN_64_TO_32_BIT_CONVERSION = YES;
				GCC_WARN_ABOUT_RETURN_TYPE = YES_ERROR;
				GCC_WARN_UNDECLARED_SELECTOR = YES;
				GCC_WARN_UNINITIALIZED_AUTOS = YES_AGGRESSIVE;
				GCC_WARN_UNUSED_FUNCTION = YES;
				GCC_WARN_UNUSED_VARIABLE = YES;
				IPHONEOS_DEPLOYMENT_TARGET = 16.4;
				MTL_ENABLE_DEBUG_INFO = NO;
				MTL_FAST_MATH = YES;
				SDKROOT = iphoneos;
				SWIFT_COMPILATION_MODE = wholemodule;
				SWIFT_OPTIMIZATION_LEVEL = "-O";
				VALIDATE_PRODUCT = YES;
			};
			name = Release;
		};
		8D7BD5252C1393F3007DC35C /* Debug */ = {
			isa = XCBuildConfiguration;
			buildSettings = {
				ASSETCATALOG_COMPILER_APPICON_NAME = AppIcon;
				ASSETCATALOG_COMPILER_GLOBAL_ACCENT_COLOR_NAME = AccentColor;
				CODE_SIGN_STYLE = Automatic;
				CURRENT_PROJECT_VERSION = 1;
				DEVELOPMENT_TEAM = 4BP938UGMK;
				GENERATE_INFOPLIST_FILE = YES;
				INFOPLIST_FILE = Tracker/Resource/Info.plist;
				INFOPLIST_KEY_UIApplicationSupportsIndirectInputEvents = YES;
				INFOPLIST_KEY_UILaunchStoryboardName = LaunchScreen;
				INFOPLIST_KEY_UISupportedInterfaceOrientations = UIInterfaceOrientationPortrait;
				IPHONEOS_DEPLOYMENT_TARGET = 13.4;
				LD_RUNPATH_SEARCH_PATHS = (
					"$(inherited)",
					"@executable_path/Frameworks",
				);
				MARKETING_VERSION = 1.0;
				PRODUCT_BUNDLE_IDENTIFIER = com.VladislavKramskoy.Tracker;
				PRODUCT_NAME = "$(TARGET_NAME)";
				SUPPORTED_PLATFORMS = "iphoneos iphonesimulator";
				SUPPORTS_MACCATALYST = NO;
				SUPPORTS_MAC_DESIGNED_FOR_IPHONE_IPAD = NO;
				SUPPORTS_XR_DESIGNED_FOR_IPHONE_IPAD = NO;
				SWIFT_EMIT_LOC_STRINGS = YES;
				SWIFT_VERSION = 5.0;
				TARGETED_DEVICE_FAMILY = 1;
			};
			name = Debug;
		};
		8D7BD5262C1393F3007DC35C /* Release */ = {
			isa = XCBuildConfiguration;
			buildSettings = {
				ASSETCATALOG_COMPILER_APPICON_NAME = AppIcon;
				ASSETCATALOG_COMPILER_GLOBAL_ACCENT_COLOR_NAME = AccentColor;
				CODE_SIGN_STYLE = Automatic;
				CURRENT_PROJECT_VERSION = 1;
				DEVELOPMENT_TEAM = 4BP938UGMK;
				GENERATE_INFOPLIST_FILE = YES;
				INFOPLIST_FILE = Tracker/Resource/Info.plist;
				INFOPLIST_KEY_UIApplicationSupportsIndirectInputEvents = YES;
				INFOPLIST_KEY_UILaunchStoryboardName = LaunchScreen;
				INFOPLIST_KEY_UISupportedInterfaceOrientations = UIInterfaceOrientationPortrait;
				IPHONEOS_DEPLOYMENT_TARGET = 13.4;
				LD_RUNPATH_SEARCH_PATHS = (
					"$(inherited)",
					"@executable_path/Frameworks",
				);
				MARKETING_VERSION = 1.0;
				PRODUCT_BUNDLE_IDENTIFIER = com.VladislavKramskoy.Tracker;
				PRODUCT_NAME = "$(TARGET_NAME)";
				SUPPORTED_PLATFORMS = "iphoneos iphonesimulator";
				SUPPORTS_MACCATALYST = NO;
				SUPPORTS_MAC_DESIGNED_FOR_IPHONE_IPAD = NO;
				SUPPORTS_XR_DESIGNED_FOR_IPHONE_IPAD = NO;
				SWIFT_EMIT_LOC_STRINGS = YES;
				SWIFT_VERSION = 5.0;
				TARGETED_DEVICE_FAMILY = 1;
			};
			name = Release;
		};
/* End XCBuildConfiguration section */

/* Begin XCConfigurationList section */
		8D7BD50B2C1393F1007DC35C /* Build configuration list for PBXProject "Tracker" */ = {
			isa = XCConfigurationList;
			buildConfigurations = (
				8D7BD5222C1393F3007DC35C /* Debug */,
				8D7BD5232C1393F3007DC35C /* Release */,
			);
			defaultConfigurationIsVisible = 0;
			defaultConfigurationName = Release;
		};
		8D7BD5242C1393F3007DC35C /* Build configuration list for PBXNativeTarget "Tracker" */ = {
			isa = XCConfigurationList;
			buildConfigurations = (
				8D7BD5252C1393F3007DC35C /* Debug */,
				8D7BD5262C1393F3007DC35C /* Release */,
			);
			defaultConfigurationIsVisible = 0;
			defaultConfigurationName = Release;
		};
/* End XCConfigurationList section */

/* Begin XCVersionGroup section */
		8DA28D1D2C3A9BC000C0720D /* Tracker.xcdatamodeld */ = {
			isa = XCVersionGroup;
			children = (
				8DA28D1E2C3A9BC000C0720D /* Tracker.xcdatamodel */,
			);
			currentVersion = 8DA28D1E2C3A9BC000C0720D /* Tracker.xcdatamodel */;
			path = Tracker.xcdatamodeld;
			sourceTree = "<group>";
			versionGroupType = wrapper.xcdatamodel;
		};
/* End XCVersionGroup section */
	};
	rootObject = 8D7BD5082C1393F1007DC35C /* Project object */;
}
